// !$*UTF8*$!
{
	archiveVersion = 1;
	classes = {
	};
	objectVersion = 50;
	objects = {

/* Begin PBXBuildFile section */
		B5A5DDBF24D21867003C350D /* AppDelegate.swift in Sources */ = {isa = PBXBuildFile; fileRef = B5A5DDBE24D21867003C350D /* AppDelegate.swift */; };
		B5A5DDC124D21867003C350D /* SceneDelegate.swift in Sources */ = {isa = PBXBuildFile; fileRef = B5A5DDC024D21867003C350D /* SceneDelegate.swift */; };
		B5A5DDC324D21867003C350D /* ViewController.swift in Sources */ = {isa = PBXBuildFile; fileRef = B5A5DDC224D21867003C350D /* ViewController.swift */; };
		B5A5DDC624D21868003C350D /* Main.storyboard in Resources */ = {isa = PBXBuildFile; fileRef = B5A5DDC424D21868003C350D /* Main.storyboard */; };
		B5A5DDC824D2186C003C350D /* Assets.xcassets in Resources */ = {isa = PBXBuildFile; fileRef = B5A5DDC724D2186C003C350D /* Assets.xcassets */; };
		B5A5DDCB24D2186C003C350D /* LaunchScreen.storyboard in Resources */ = {isa = PBXBuildFile; fileRef = B5A5DDC924D2186C003C350D /* LaunchScreen.storyboard */; };
		B5A5DDD624D2186D003C350D /* BookedPageFinalTests.swift in Sources */ = {isa = PBXBuildFile; fileRef = B5A5DDD524D2186D003C350D /* BookedPageFinalTests.swift */; };
		B5A5DDE124D2186D003C350D /* BookedPageFinalUITests.swift in Sources */ = {isa = PBXBuildFile; fileRef = B5A5DDE024D2186D003C350D /* BookedPageFinalUITests.swift */; };
/* End PBXBuildFile section */

/* Begin PBXContainerItemProxy section */
		B5A5DDD224D2186D003C350D /* PBXContainerItemProxy */ = {
			isa = PBXContainerItemProxy;
			containerPortal = B5A5DDB324D21867003C350D /* Project object */;
			proxyType = 1;
			remoteGlobalIDString = B5A5DDBA24D21867003C350D;
			remoteInfo = BookedPageFinal;
		};
		B5A5DDDD24D2186D003C350D /* PBXContainerItemProxy */ = {
			isa = PBXContainerItemProxy;
			containerPortal = B5A5DDB324D21867003C350D /* Project object */;
			proxyType = 1;
			remoteGlobalIDString = B5A5DDBA24D21867003C350D;
			remoteInfo = BookedPageFinal;
		};
/* End PBXContainerItemProxy section */

/* Begin PBXFileReference section */
		B5A5DDBB24D21867003C350D /* BookedPageFinal.app */ = {isa = PBXFileReference; explicitFileType = wrapper.application; includeInIndex = 0; path = BookedPageFinal.app; sourceTree = BUILT_PRODUCTS_DIR; };
		B5A5DDBE24D21867003C350D /* AppDelegate.swift */ = {isa = PBXFileReference; lastKnownFileType = sourcecode.swift; path = AppDelegate.swift; sourceTree = "<group>"; };
		B5A5DDC024D21867003C350D /* SceneDelegate.swift */ = {isa = PBXFileReference; lastKnownFileType = sourcecode.swift; path = SceneDelegate.swift; sourceTree = "<group>"; };
		B5A5DDC224D21867003C350D /* ViewController.swift */ = {isa = PBXFileReference; lastKnownFileType = sourcecode.swift; path = ViewController.swift; sourceTree = "<group>"; };
		B5A5DDC524D21868003C350D /* Base */ = {isa = PBXFileReference; lastKnownFileType = file.storyboard; name = Base; path = Base.lproj/Main.storyboard; sourceTree = "<group>"; };
		B5A5DDC724D2186C003C350D /* Assets.xcassets */ = {isa = PBXFileReference; lastKnownFileType = folder.assetcatalog; path = Assets.xcassets; sourceTree = "<group>"; };
		B5A5DDCA24D2186C003C350D /* Base */ = {isa = PBXFileReference; lastKnownFileType = file.storyboard; name = Base; path = Base.lproj/LaunchScreen.storyboard; sourceTree = "<group>"; };
		B5A5DDCC24D2186C003C350D /* Info.plist */ = {isa = PBXFileReference; lastKnownFileType = text.plist.xml; path = Info.plist; sourceTree = "<group>"; };
		B5A5DDD124D2186D003C350D /* BookedPageFinalTests.xctest */ = {isa = PBXFileReference; explicitFileType = wrapper.cfbundle; includeInIndex = 0; path = BookedPageFinalTests.xctest; sourceTree = BUILT_PRODUCTS_DIR; };
		B5A5DDD524D2186D003C350D /* BookedPageFinalTests.swift */ = {isa = PBXFileReference; lastKnownFileType = sourcecode.swift; path = BookedPageFinalTests.swift; sourceTree = "<group>"; };
		B5A5DDD724D2186D003C350D /* Info.plist */ = {isa = PBXFileReference; lastKnownFileType = text.plist.xml; path = Info.plist; sourceTree = "<group>"; };
		B5A5DDDC24D2186D003C350D /* BookedPageFinalUITests.xctest */ = {isa = PBXFileReference; explicitFileType = wrapper.cfbundle; includeInIndex = 0; path = BookedPageFinalUITests.xctest; sourceTree = BUILT_PRODUCTS_DIR; };
		B5A5DDE024D2186D003C350D /* BookedPageFinalUITests.swift */ = {isa = PBXFileReference; lastKnownFileType = sourcecode.swift; path = BookedPageFinalUITests.swift; sourceTree = "<group>"; };
		B5A5DDE224D2186D003C350D /* Info.plist */ = {isa = PBXFileReference; lastKnownFileType = text.plist.xml; path = Info.plist; sourceTree = "<group>"; };
/* End PBXFileReference section */

/* Begin PBXFrameworksBuildPhase section */
		B5A5DDB824D21867003C350D /* Frameworks */ = {
			isa = PBXFrameworksBuildPhase;
			buildActionMask = 2147483647;
			files = (
			);
			runOnlyForDeploymentPostprocessing = 0;
		};
		B5A5DDCE24D2186D003C350D /* Frameworks */ = {
			isa = PBXFrameworksBuildPhase;
			buildActionMask = 2147483647;
			files = (
			);
			runOnlyForDeploymentPostprocessing = 0;
		};
		B5A5DDD924D2186D003C350D /* Frameworks */ = {
			isa = PBXFrameworksBuildPhase;
			buildActionMask = 2147483647;
			files = (
			);
			runOnlyForDeploymentPostprocessing = 0;
		};
/* End PBXFrameworksBuildPhase section */

/* Begin PBXGroup section */
		B5A5DDB224D21867003C350D = {
			isa = PBXGroup;
			children = (
				B5A5DDBD24D21867003C350D /* BookedPageFinal */,
				B5A5DDD424D2186D003C350D /* BookedPageFinalTests */,
				B5A5DDDF24D2186D003C350D /* BookedPageFinalUITests */,
				B5A5DDBC24D21867003C350D /* Products */,
			);
			sourceTree = "<group>";
		};
		B5A5DDBC24D21867003C350D /* Products */ = {
			isa = PBXGroup;
			children = (
				B5A5DDBB24D21867003C350D /* BookedPageFinal.app */,
				B5A5DDD124D2186D003C350D /* BookedPageFinalTests.xctest */,
				B5A5DDDC24D2186D003C350D /* BookedPageFinalUITests.xctest */,
			);
			name = Products;
			sourceTree = "<group>";
		};
		B5A5DDBD24D21867003C350D /* BookedPageFinal */ = {
			isa = PBXGroup;
			children = (
				B5A5DDBE24D21867003C350D /* AppDelegate.swift */,
				B5A5DDC024D21867003C350D /* SceneDelegate.swift */,
				B5A5DDC224D21867003C350D /* ViewController.swift */,
				B5A5DDC424D21868003C350D /* Main.storyboard */,
				B5A5DDC724D2186C003C350D /* Assets.xcassets */,
				B5A5DDC924D2186C003C350D /* LaunchScreen.storyboard */,
				B5A5DDCC24D2186C003C350D /* Info.plist */,
			);
			path = BookedPageFinal;
			sourceTree = "<group>";
		};
		B5A5DDD424D2186D003C350D /* BookedPageFinalTests */ = {
			isa = PBXGroup;
			children = (
				B5A5DDD524D2186D003C350D /* BookedPageFinalTests.swift */,
				B5A5DDD724D2186D003C350D /* Info.plist */,
			);
			path = BookedPageFinalTests;
			sourceTree = "<group>";
		};
		B5A5DDDF24D2186D003C350D /* BookedPageFinalUITests */ = {
			isa = PBXGroup;
			children = (
				B5A5DDE024D2186D003C350D /* BookedPageFinalUITests.swift */,
				B5A5DDE224D2186D003C350D /* Info.plist */,
			);
			path = BookedPageFinalUITests;
			sourceTree = "<group>";
		};
/* End PBXGroup section */

/* Begin PBXNativeTarget section */
		B5A5DDBA24D21867003C350D /* BookedPageFinal */ = {
			isa = PBXNativeTarget;
			buildConfigurationList = B5A5DDE524D2186D003C350D /* Build configuration list for PBXNativeTarget "BookedPageFinal" */;
			buildPhases = (
				B5A5DDB724D21867003C350D /* Sources */,
				B5A5DDB824D21867003C350D /* Frameworks */,
				B5A5DDB924D21867003C350D /* Resources */,
			);
			buildRules = (
			);
			dependencies = (
			);
			name = BookedPageFinal;
			productName = BookedPageFinal;
			productReference = B5A5DDBB24D21867003C350D /* BookedPageFinal.app */;
			productType = "com.apple.product-type.application";
		};
		B5A5DDD024D2186D003C350D /* BookedPageFinalTests */ = {
			isa = PBXNativeTarget;
			buildConfigurationList = B5A5DDE824D2186D003C350D /* Build configuration list for PBXNativeTarget "BookedPageFinalTests" */;
			buildPhases = (
				B5A5DDCD24D2186D003C350D /* Sources */,
				B5A5DDCE24D2186D003C350D /* Frameworks */,
				B5A5DDCF24D2186D003C350D /* Resources */,
			);
			buildRules = (
			);
			dependencies = (
				B5A5DDD324D2186D003C350D /* PBXTargetDependency */,
			);
			name = BookedPageFinalTests;
			productName = BookedPageFinalTests;
			productReference = B5A5DDD124D2186D003C350D /* BookedPageFinalTests.xctest */;
			productType = "com.apple.product-type.bundle.unit-test";
		};
		B5A5DDDB24D2186D003C350D /* BookedPageFinalUITests */ = {
			isa = PBXNativeTarget;
			buildConfigurationList = B5A5DDEB24D2186D003C350D /* Build configuration list for PBXNativeTarget "BookedPageFinalUITests" */;
			buildPhases = (
				B5A5DDD824D2186D003C350D /* Sources */,
				B5A5DDD924D2186D003C350D /* Frameworks */,
				B5A5DDDA24D2186D003C350D /* Resources */,
			);
			buildRules = (
			);
			dependencies = (
				B5A5DDDE24D2186D003C350D /* PBXTargetDependency */,
			);
			name = BookedPageFinalUITests;
			productName = BookedPageFinalUITests;
			productReference = B5A5DDDC24D2186D003C350D /* BookedPageFinalUITests.xctest */;
			productType = "com.apple.product-type.bundle.ui-testing";
		};
/* End PBXNativeTarget section */

/* Begin PBXProject section */
		B5A5DDB324D21867003C350D /* Project object */ = {
			isa = PBXProject;
			attributes = {
				LastSwiftUpdateCheck = 1150;
				LastUpgradeCheck = 1150;
				ORGANIZATIONNAME = "Emma Kawczynski";
				TargetAttributes = {
					B5A5DDBA24D21867003C350D = {
						CreatedOnToolsVersion = 11.5;
					};
					B5A5DDD024D2186D003C350D = {
						CreatedOnToolsVersion = 11.5;
						TestTargetID = B5A5DDBA24D21867003C350D;
					};
					B5A5DDDB24D2186D003C350D = {
						CreatedOnToolsVersion = 11.5;
						TestTargetID = B5A5DDBA24D21867003C350D;
					};
				};
			};
			buildConfigurationList = B5A5DDB624D21867003C350D /* Build configuration list for PBXProject "BookedPageFinal" */;
			compatibilityVersion = "Xcode 9.3";
			developmentRegion = en;
			hasScannedForEncodings = 0;
			knownRegions = (
				en,
				Base,
			);
			mainGroup = B5A5DDB224D21867003C350D;
			productRefGroup = B5A5DDBC24D21867003C350D /* Products */;
			projectDirPath = "";
			projectRoot = "";
			targets = (
				B5A5DDBA24D21867003C350D /* BookedPageFinal */,
				B5A5DDD024D2186D003C350D /* BookedPageFinalTests */,
				B5A5DDDB24D2186D003C350D /* BookedPageFinalUITests */,
			);
		};
/* End PBXProject section */

/* Begin PBXResourcesBuildPhase section */
		B5A5DDB924D21867003C350D /* Resources */ = {
			isa = PBXResourcesBuildPhase;
			buildActionMask = 2147483647;
			files = (
				B5A5DDCB24D2186C003C350D /* LaunchScreen.storyboard in Resources */,
				B5A5DDC824D2186C003C350D /* Assets.xcassets in Resources */,
				B5A5DDC624D21868003C350D /* Main.storyboard in Resources */,
			);
			runOnlyForDeploymentPostprocessing = 0;
		};
		B5A5DDCF24D2186D003C350D /* Resources */ = {
			isa = PBXResourcesBuildPhase;
			buildActionMask = 2147483647;
			files = (
			);
			runOnlyForDeploymentPostprocessing = 0;
		};
		B5A5DDDA24D2186D003C350D /* Resources */ = {
			isa = PBXResourcesBuildPhase;
			buildActionMask = 2147483647;
			files = (
			);
			runOnlyForDeploymentPostprocessing = 0;
		};
/* End PBXResourcesBuildPhase section */

/* Begin PBXSourcesBuildPhase section */
		B5A5DDB724D21867003C350D /* Sources */ = {
			isa = PBXSourcesBuildPhase;
			buildActionMask = 2147483647;
			files = (
				B5A5DDC324D21867003C350D /* ViewController.swift in Sources */,
				B5A5DDBF24D21867003C350D /* AppDelegate.swift in Sources */,
				B5A5DDC124D21867003C350D /* SceneDelegate.swift in Sources */,
			);
			runOnlyForDeploymentPostprocessing = 0;
		};
		B5A5DDCD24D2186D003C350D /* Sources */ = {
			isa = PBXSourcesBuildPhase;
			buildActionMask = 2147483647;
			files = (
				B5A5DDD624D2186D003C350D /* BookedPageFinalTests.swift in Sources */,
			);
			runOnlyForDeploymentPostprocessing = 0;
		};
		B5A5DDD824D2186D003C350D /* Sources */ = {
			isa = PBXSourcesBuildPhase;
			buildActionMask = 2147483647;
			files = (
				B5A5DDE124D2186D003C350D /* BookedPageFinalUITests.swift in Sources */,
			);
			runOnlyForDeploymentPostprocessing = 0;
		};
/* End PBXSourcesBuildPhase section */

/* Begin PBXTargetDependency section */
		B5A5DDD324D2186D003C350D /* PBXTargetDependency */ = {
			isa = PBXTargetDependency;
			target = B5A5DDBA24D21867003C350D /* BookedPageFinal */;
			targetProxy = B5A5DDD224D2186D003C350D /* PBXContainerItemProxy */;
		};
		B5A5DDDE24D2186D003C350D /* PBXTargetDependency */ = {
			isa = PBXTargetDependency;
			target = B5A5DDBA24D21867003C350D /* BookedPageFinal */;
			targetProxy = B5A5DDDD24D2186D003C350D /* PBXContainerItemProxy */;
		};
/* End PBXTargetDependency section */

/* Begin PBXVariantGroup section */
		B5A5DDC424D21868003C350D /* Main.storyboard */ = {
			isa = PBXVariantGroup;
			children = (
				B5A5DDC524D21868003C350D /* Base */,
			);
			name = Main.storyboard;
			sourceTree = "<group>";
		};
		B5A5DDC924D2186C003C350D /* LaunchScreen.storyboard */ = {
			isa = PBXVariantGroup;
			children = (
				B5A5DDCA24D2186C003C350D /* Base */,
			);
			name = LaunchScreen.storyboard;
			sourceTree = "<group>";
		};
/* End PBXVariantGroup section */

/* Begin XCBuildConfiguration section */
		B5A5DDE324D2186D003C350D /* Debug */ = {
			isa = XCBuildConfiguration;
			buildSettings = {
				ALWAYS_SEARCH_USER_PATHS = NO;
				CLANG_ANALYZER_NONNULL = YES;
				CLANG_ANALYZER_NUMBER_OBJECT_CONVERSION = YES_AGGRESSIVE;
				CLANG_CXX_LANGUAGE_STANDARD = "gnu++14";
				CLANG_CXX_LIBRARY = "libc++";
				CLANG_ENABLE_MODULES = YES;
				CLANG_ENABLE_OBJC_ARC = YES;
				CLANG_ENABLE_OBJC_WEAK = YES;
				CLANG_WARN_BLOCK_CAPTURE_AUTORELEASING = YES;
				CLANG_WARN_BOOL_CONVERSION = YES;
				CLANG_WARN_COMMA = YES;
				CLANG_WARN_CONSTANT_CONVERSION = YES;
				CLANG_WARN_DEPRECATED_OBJC_IMPLEMENTATIONS = YES;
				CLANG_WARN_DIRECT_OBJC_ISA_USAGE = YES_ERROR;
				CLANG_WARN_DOCUMENTATION_COMMENTS = YES;
				CLANG_WARN_EMPTY_BODY = YES;
				CLANG_WARN_ENUM_CONVERSION = YES;
				CLANG_WARN_INFINITE_RECURSION = YES;
				CLANG_WARN_INT_CONVERSION = YES;
				CLANG_WARN_NON_LITERAL_NULL_CONVERSION = YES;
				CLANG_WARN_OBJC_IMPLICIT_RETAIN_SELF = YES;
				CLANG_WARN_OBJC_LITERAL_CONVERSION = YES;
				CLANG_WARN_OBJC_ROOT_CLASS = YES_ERROR;
				CLANG_WARN_RANGE_LOOP_ANALYSIS = YES;
				CLANG_WARN_STRICT_PROTOTYPES = YES;
				CLANG_WARN_SUSPICIOUS_MOVE = YES;
				CLANG_WARN_UNGUARDED_AVAILABILITY = YES_AGGRESSIVE;
				CLANG_WARN_UNREACHABLE_CODE = YES;
				CLANG_WARN__DUPLICATE_METHOD_MATCH = YES;
				COPY_PHASE_STRIP = NO;
				DEBUG_INFORMATION_FORMAT = dwarf;
				ENABLE_STRICT_OBJC_MSGSEND = YES;
				ENABLE_TESTABILITY = YES;
				GCC_C_LANGUAGE_STANDARD = gnu11;
				GCC_DYNAMIC_NO_PIC = NO;
				GCC_NO_COMMON_BLOCKS = YES;
				GCC_OPTIMIZATION_LEVEL = 0;
				GCC_PREPROCESSOR_DEFINITIONS = (
					"DEBUG=1",
					"$(inherited)",
				);
				GCC_WARN_64_TO_32_BIT_CONVERSION = YES;
				GCC_WARN_ABOUT_RETURN_TYPE = YES_ERROR;
				GCC_WARN_UNDECLARED_SELECTOR = YES;
				GCC_WARN_UNINITIALIZED_AUTOS = YES_AGGRESSIVE;
				GCC_WARN_UNUSED_FUNCTION = YES;
				GCC_WARN_UNUSED_VARIABLE = YES;
				IPHONEOS_DEPLOYMENT_TARGET = 13.5;
				MTL_ENABLE_DEBUG_INFO = INCLUDE_SOURCE;
				MTL_FAST_MATH = YES;
				ONLY_ACTIVE_ARCH = YES;
				SDKROOT = iphoneos;
				SWIFT_ACTIVE_COMPILATION_CONDITIONS = DEBUG;
				SWIFT_OPTIMIZATION_LEVEL = "-Onone";
			};
			name = Debug;
		};
		B5A5DDE424D2186D003C350D /* Release */ = {
			isa = XCBuildConfiguration;
			buildSettings = {
				ALWAYS_SEARCH_USER_PATHS = NO;
				CLANG_ANALYZER_NONNULL = YES;
				CLANG_ANALYZER_NUMBER_OBJECT_CONVERSION = YES_AGGRESSIVE;
				CLANG_CXX_LANGUAGE_STANDARD = "gnu++14";
				CLANG_CXX_LIBRARY = "libc++";
				CLANG_ENABLE_MODULES = YES;
				CLANG_ENABLE_OBJC_ARC = YES;
				CLANG_ENABLE_OBJC_WEAK = YES;
				CLANG_WARN_BLOCK_CAPTURE_AUTORELEASING = YES;
				CLANG_WARN_BOOL_CONVERSION = YES;
				CLANG_WARN_COMMA = YES;
				CLANG_WARN_CONSTANT_CONVERSION = YES;
				CLANG_WARN_DEPRECATED_OBJC_IMPLEMENTATIONS = YES;
				CLANG_WARN_DIRECT_OBJC_ISA_USAGE = YES_ERROR;
				CLANG_WARN_DOCUMENTATION_COMMENTS = YES;
				CLANG_WARN_EMPTY_BODY = YES;
				CLANG_WARN_ENUM_CONVERSION = YES;
				CLANG_WARN_INFINITE_RECURSION = YES;
				CLANG_WARN_INT_CONVERSION = YES;
				CLANG_WARN_NON_LITERAL_NULL_CONVERSION = YES;
				CLANG_WARN_OBJC_IMPLICIT_RETAIN_SELF = YES;
				CLANG_WARN_OBJC_LITERAL_CONVERSION = YES;
				CLANG_WARN_OBJC_ROOT_CLASS = YES_ERROR;
				CLANG_WARN_RANGE_LOOP_ANALYSIS = YES;
				CLANG_WARN_STRICT_PROTOTYPES = YES;
				CLANG_WARN_SUSPICIOUS_MOVE = YES;
				CLANG_WARN_UNGUARDED_AVAILABILITY = YES_AGGRESSIVE;
				CLANG_WARN_UNREACHABLE_CODE = YES;
				CLANG_WARN__DUPLICATE_METHOD_MATCH = YES;
				COPY_PHASE_STRIP = NO;
				DEBUG_INFORMATION_FORMAT = "dwarf-with-dsym";
				ENABLE_NS_ASSERTIONS = NO;
				ENABLE_STRICT_OBJC_MSGSEND = YES;
				GCC_C_LANGUAGE_STANDARD = gnu11;
				GCC_NO_COMMON_BLOCKS = YES;
				GCC_WARN_64_TO_32_BIT_CONVERSION = YES;
				GCC_WARN_ABOUT_RETURN_TYPE = YES_ERROR;
				GCC_WARN_UNDECLARED_SELECTOR = YES;
				GCC_WARN_UNINITIALIZED_AUTOS = YES_AGGRESSIVE;
				GCC_WARN_UNUSED_FUNCTION = YES;
				GCC_WARN_UNUSED_VARIABLE = YES;
				IPHONEOS_DEPLOYMENT_TARGET = 13.5;
				MTL_ENABLE_DEBUG_INFO = NO;
				MTL_FAST_MATH = YES;
				SDKROOT = iphoneos;
				SWIFT_COMPILATION_MODE = wholemodule;
				SWIFT_OPTIMIZATION_LEVEL = "-O";
				VALIDATE_PRODUCT = YES;
			};
			name = Release;
		};
		B5A5DDE624D2186D003C350D /* Debug */ = {
			isa = XCBuildConfiguration;
			buildSettings = {
				ASSETCATALOG_COMPILER_APPICON_NAME = AppIcon;
				CODE_SIGN_STYLE = Automatic;
				INFOPLIST_FILE = BookedPageFinal/Info.plist;
				LD_RUNPATH_SEARCH_PATHS = (
					"$(inherited)",
					"@executable_path/Frameworks",
				);
				PRODUCT_BUNDLE_IDENTIFIER = Reserv.BookedPageFinal;
				PRODUCT_NAME = "$(TARGET_NAME)";
				SWIFT_VERSION = 5.0;
				TARGETED_DEVICE_FAMILY = "1,2";
			};
			name = Debug;
		};
		B5A5DDE724D2186D003C350D /* Release */ = {
			isa = XCBuildConfiguration;
			buildSettings = {
				ASSETCATALOG_COMPILER_APPICON_NAME = AppIcon;
				CODE_SIGN_STYLE = Automatic;
				INFOPLIST_FILE = BookedPageFinal/Info.plist;
				LD_RUNPATH_SEARCH_PATHS = (
					"$(inherited)",
					"@executable_path/Frameworks",
				);
				PRODUCT_BUNDLE_IDENTIFIER = Reserv.BookedPageFinal;
				PRODUCT_NAME = "$(TARGET_NAME)";
				SWIFT_VERSION = 5.0;
				TARGETED_DEVICE_FAMILY = "1,2";
			};
			name = Release;
		};
		B5A5DDE924D2186D003C350D /* Debug */ = {
			isa = XCBuildConfiguration;
			buildSettings = {
				ALWAYS_EMBED_SWIFT_STANDARD_LIBRARIES = YES;
				BUNDLE_LOADER = "$(TEST_HOST)";
				CODE_SIGN_STYLE = Automatic;
				INFOPLIST_FILE = BookedPageFinalTests/Info.plist;
				IPHONEOS_DEPLOYMENT_TARGET = 13.5;
				LD_RUNPATH_SEARCH_PATHS = (
					"$(inherited)",
					"@executable_path/Frameworks",
					"@loader_path/Frameworks",
				);
				PRODUCT_BUNDLE_IDENTIFIER = Reserv.BookedPageFinalTests;
				PRODUCT_NAME = "$(TARGET_NAME)";
				SWIFT_VERSION = 5.0;
				TARGETED_DEVICE_FAMILY = "1,2";
				TEST_HOST = "$(BUILT_PRODUCTS_DIR)/BookedPageFinal.app/BookedPageFinal";
			};
			name = Debug;
		};
		B5A5DDEA24D2186D003C350D /* Release */ = {
			isa = XCBuildConfiguration;
			buildSettings = {
				ALWAYS_EMBED_SWIFT_STANDARD_LIBRARIES = YES;
				BUNDLE_LOADER = "$(TEST_HOST)";
				CODE_SIGN_STYLE = Automatic;
				INFOPLIST_FILE = BookedPageFinalTests/Info.plist;
				IPHONEOS_DEPLOYMENT_TARGET = 13.5;
				LD_RUNPATH_SEARCH_PATHS = (
					"$(inherited)",
					"@executable_path/Frameworks",
					"@loader_path/Frameworks",
				);
				PRODUCT_BUNDLE_IDENTIFIER = Reserv.BookedPageFinalTests;
				PRODUCT_NAME = "$(TARGET_NAME)";
				SWIFT_VERSION = 5.0;
				TARGETED_DEVICE_FAMILY = "1,2";
				TEST_HOST = "$(BUILT_PRODUCTS_DIR)/BookedPageFinal.app/BookedPageFinal";
			};
			name = Release;
		};
		B5A5DDEC24D2186D003C350D /* Debug */ = {
			isa = XCBuildConfiguration;
			buildSettings = {
				ALWAYS_EMBED_SWIFT_STANDARD_LIBRARIES = YES;
				CODE_SIGN_STYLE = Automatic;
				INFOPLIST_FILE = BookedPageFinalUITests/Info.plist;
				LD_RUNPATH_SEARCH_PATHS = (
					"$(inherited)",
					"@executable_path/Frameworks",
					"@loader_path/Frameworks",
				);
				PRODUCT_BUNDLE_IDENTIFIER = Reserv.BookedPageFinalUITests;
				PRODUCT_NAME = "$(TARGET_NAME)";
				SWIFT_VERSION = 5.0;
				TARGETED_DEVICE_FAMILY = "1,2";
				TEST_TARGET_NAME = BookedPageFinal;
			};
			name = Debug;
		};
		B5A5DDED24D2186D003C350D /* Release */ = {
			isa = XCBuildConfiguration;
			buildSettings = {
				ALWAYS_EMBED_SWIFT_STANDARD_LIBRARIES = YES;
				CODE_SIGN_STYLE = Automatic;
				INFOPLIST_FILE = BookedPageFinalUITests/Info.plist;
				LD_RUNPATH_SEARCH_PATHS = (
					"$(inherited)",
					"@executable_path/Frameworks",
					"@loader_path/Frameworks",
				);
				PRODUCT_BUNDLE_IDENTIFIER = Reserv.BookedPageFinalUITests;
				PRODUCT_NAME = "$(TARGET_NAME)";
				SWIFT_VERSION = 5.0;
				TARGETED_DEVICE_FAMILY = "1,2";
				TEST_TARGET_NAME = BookedPageFinal;
			};
			name = Release;
		};
/* End XCBuildConfiguration section */

/* Begin XCConfigurationList section */
		B5A5DDB624D21867003C350D /* Build configuration list for PBXProject "BookedPageFinal" */ = {
			isa = XCConfigurationList;
			buildConfigurations = (
				B5A5DDE324D2186D003C350D /* Debug */,
				B5A5DDE424D2186D003C350D /* Release */,
			);
			defaultConfigurationIsVisible = 0;
			defaultConfigurationName = Release;
		};
		B5A5DDE524D2186D003C350D /* Build configuration list for PBXNativeTarget "BookedPageFinal" */ = {
			isa = XCConfigurationList;
			buildConfigurations = (
				B5A5DDE624D2186D003C350D /* Debug */,
				B5A5DDE724D2186D003C350D /* Release */,
			);
			defaultConfigurationIsVisible = 0;
			defaultConfigurationName = Release;
		};
		B5A5DDE824D2186D003C350D /* Build configuration list for PBXNativeTarget "BookedPageFinalTests" */ = {
			isa = XCConfigurationList;
			buildConfigurations = (
				B5A5DDE924D2186D003C350D /* Debug */,
				B5A5DDEA24D2186D003C350D /* Release */,
			);
			defaultConfigurationIsVisible = 0;
			defaultConfigurationName = Release;
		};
		B5A5DDEB24D2186D003C350D /* Build configuration list for PBXNativeTarget "BookedPageFinalUITests" */ = {
			isa = XCConfigurationList;
			buildConfigurations = (
				B5A5DDEC24D2186D003C350D /* Debug */,
				B5A5DDED24D2186D003C350D /* Release */,
			);
			defaultConfigurationIsVisible = 0;
			defaultConfigurationName = Release;
		};
/* End XCConfigurationList section */
	};
	rootObject = B5A5DDB324D21867003C350D /* Project object */;
}
